<?xml version="1.0" encoding="utf-8"?>
<Project ToolsVersion="4.0" xmlns="http://schemas.microsoft.com/developer/msbuild/2003">
  <ItemGroup>
    <Filter Include="Source Files">
      <UniqueIdentifier>{4FC737F1-C7A5-4376-A066-2A32D752A2FF}</UniqueIdentifier>
      <Extensions>cpp;c;cc;cxx;def;odl;idl;hpj;bat;asm;asmx</Extensions>
    </Filter>
    <Filter Include="Header Files">
      <UniqueIdentifier>{93995380-89BD-4b04-88EB-625FBE52EBFB}</UniqueIdentifier>
      <Extensions>h;hpp;hxx;hm;inl;inc;xsd</Extensions>
    </Filter>
    <Filter Include="Resource Files">
      <UniqueIdentifier>{67DA6AB6-F800-4c08-8B7A-83BB121AAD01}</UniqueIdentifier>
      <Extensions>rc;ico;cur;bmp;dlg;rc2;rct;bin;rgs;gif;jpg;jpeg;jpe;resx;tiff;tif;png;wav;mfcribbon-ms</Extensions>
    </Filter>
  </ItemGroup>
  <ItemGroup>
    <ClCompile Include="source\IntegrationTest.cpp">
      <Filter>Source Files</Filter>
    </ClCompile>
    <ClCompile Include="source\ParserFollowsTest.cpp">
      <Filter>Source Files</Filter>
    </ClCompile>
    <ClCompile Include="source\ParserParentTest.cpp">
      <Filter>Source Files</Filter>
    </ClCompile>
    <ClCompile Include="source\ParserUsesTest.cpp">
      <Filter>Source Files</Filter>
    </ClCompile>
    <ClCompile Include="source\ParserModifiesTest.cpp">
      <Filter>Source Files</Filter>
    </ClCompile>
    <ClCompile Include="source\ParserPatternTest.cpp">
      <Filter>Source Files</Filter>
    </ClCompile>
    <ClCompile Include="source\ParserCallsTest.cpp">
      <Filter>Source Files</Filter>
    </ClCompile>
    <ClCompile Include="source\ParserNextTest.cpp">
      <Filter>Source Files</Filter>
    </ClCompile>
    <ClCompile Include="..\source\ParserEntityTest.cpp">
      <Filter>Source Files</Filter>
    </ClCompile>
    <ClCompile Include="source\ParserConstTableTest.cpp">
      <Filter>Source Files</Filter>
    </ClCompile>
    <ClCompile Include="source\ParserNextBipTest.cpp">
      <Filter>Source Files</Filter>
    </ClCompile>
    <ClCompile Include="source\ParserSiblingTest.cpp">
      <Filter>Source Files</Filter>
    </ClCompile>
    <ClCompile Include="source\WholeSPATest.cpp">
      <Filter>Source Files</Filter>
    </ClCompile>
  </ItemGroup>
  <ItemGroup>
    <ClInclude Include="source\ParserModifiesTest.h">
      <Filter>Header Files</Filter>
    </ClInclude>
    <ClInclude Include="source\ParserParentTest.h">
      <Filter>Header Files</Filter>
    </ClInclude>
    <ClInclude Include="source\ParserUsesTest.h">
      <Filter>Header Files</Filter>
    </ClInclude>
    <ClInclude Include="source\ParserFollowsTest.h">
      <Filter>Header Files</Filter>
    </ClInclude>
    <ClInclude Include="source\ParserPatternTest.h">
      <Filter>Header Files</Filter>
    </ClInclude>
    <ClInclude Include="source\ParserCallsTest.h">
      <Filter>Header Files</Filter>
    </ClInclude>
    <ClInclude Include="source\ParserNextTest.h">
      <Filter>Header Files</Filter>
    </ClInclude>
    <ClInclude Include="..\source\ParserEntityTest.h">
      <Filter>Header Files</Filter>
    </ClInclude>
    <ClInclude Include="source\ParserConstTableTest.h">
      <Filter>Header Files</Filter>
    </ClInclude>
    <ClInclude Include="source\ParserNextBipTest.h">
      <Filter>Header Files</Filter>
    </ClInclude>
    <ClInclude Include="source\ParserSiblingTest.h">
      <Filter>Header Files</Filter>
    </ClInclude>
    <ClInclude Include="source\WholeSPATest.h">
      <Filter>Header Files</Filter>
    </ClInclude>
  </ItemGroup>
</Project>