<?xml version="1.0" encoding="utf-8"?>
<Project ToolsVersion="4.0" xmlns="http://schemas.microsoft.com/developer/msbuild/2003">
  <ItemGroup>
    <ClCompile Include="..\source\AST.cpp" />
    <ClCompile Include="..\source\DesignExtractor.cpp" />
    <ClCompile Include="..\source\Exception.cpp" />
    <ClCompile Include="..\source\Follows.cpp" />
    <ClCompile Include="..\source\FollowsStarEvaluator.cpp" />
    <ClCompile Include="..\source\Modifies.cpp" />
    <ClCompile Include="..\source\ModifiesEvaluator.cpp" />
    <ClCompile Include="..\source\Parent.cpp" />
    <ClCompile Include="..\source\ParentEvaluator.cpp" />
    <ClCompile Include="..\source\ParentStarEvaluator.cpp" />
    <ClCompile Include="..\source\Parser.cpp" />
    <ClCompile Include="..\source\ParsingToken.cpp" />
    <ClCompile Include="..\source\PKB.cpp" />
    <ClCompile Include="..\source\QNode.cpp" />
    <ClCompile Include="..\source\QueryEvaluator.cpp" />
    <ClCompile Include="..\source\QueryPreprocessor.cpp" />
    <ClCompile Include="..\source\QueryResult.cpp" />
    <ClCompile Include="..\source\QueryTree.cpp" />
    <ClCompile Include="..\source\RelationEvaluator.cpp" />
    <ClCompile Include="..\source\SPAFrontEnd.cpp" />
    <ClCompile Include="..\source\TNode.cpp" />
    <ClCompile Include="..\source\Uses.cpp" />
    <ClCompile Include="..\source\VarTable.cpp" />
    <ClCompile Include="..\source\FollowsEvaluator.cpp" />
    <ClCompile Include="..\source\BitTable.cpp" />
    <ClCompile Include="..\source\Grammar.cpp" />
    <ClCompile Include="..\source\GrammarToken.cpp" />
    <ClCompile Include="..\source\Tokenizer.cpp" />
  </ItemGroup>
  <ItemGroup>
    <ClInclude Include="..\source\AST.h" />
    <ClInclude Include="..\source\DesignExtractor.h" />
    <ClInclude Include="..\source\Exception.h" />
    <ClInclude Include="..\source\Follows.h" />
    <ClInclude Include="..\source\FollowsStarEvaluator.h" />
    <ClInclude Include="..\source\GlobalType.h" />
    <ClInclude Include="..\source\Modifies.h" />
    <ClInclude Include="..\source\ModifiesEvaluator.h" />
    <ClInclude Include="..\source\Parent.h" />
    <ClInclude Include="..\source\ParentEvaluator.h" />
    <ClInclude Include="..\source\ParentStarEvaluator.h" />
    <ClInclude Include="..\source\Parser.h" />
    <ClInclude Include="..\source\ParsingToken.h" />
    <ClInclude Include="..\source\PKB.h" />
    <ClInclude Include="..\source\QNode.h" />
    <ClInclude Include="..\source\QueryEvaluator.h" />
    <ClInclude Include="..\source\QueryPreprocessor.h" />
    <ClInclude Include="..\source\QueryResult.h" />
    <ClInclude Include="..\source\QueryTree.h" />
    <ClInclude Include="..\source\RelationEvaluator.h" />
    <ClInclude Include="..\source\SPAFrontEnd.h" />
    <ClInclude Include="..\source\TNode.h" />
    <ClInclude Include="..\source\Uses.h" />
    <ClInclude Include="..\source\VarTable.h" />
    <ClInclude Include="..\source\FollowsEvaluator.h" />
    <ClInclude Include="..\source\ParserUtils.h" />
    <ClInclude Include="..\source\ParserUtils.cpp" />
    <ClInclude Include="..\source\BitTable.h" />
    <ClInclude Include="..\source\Grammar.h" />
    <ClInclude Include="..\source\GrammarToken.h" />
    <ClInclude Include="..\source\Tokenizer.h" />
  </ItemGroup>
</Project>